
Microsoft Visual Studio Solution File, Format Version 12.00
# Visual Studio 15
VisualStudioVersion = 15.0.27703.2000
MinimumVisualStudioVersion = 10.0.40219.1
Project("{FAE04EC0-301F-11D3-BF4B-00C04F79EFBC}") = "StudentScores", "StudentScores\StudentScores.csproj", "{18641031-4610-4D27-ADEE-567450D2A627}"
EndProject
Global
	GlobalSection(SolutionConfigurationPlatforms) = preSolution
		Debug|Any CPU = Debug|Any CPU
		Release|Any CPU = Release|Any CPU
	EndGlobalSection
	GlobalSection(ProjectConfigurationPlatforms) = postSolution
		{18641031-4610-4D27-ADEE-567450D2A627}.Debug|Any CPU.ActiveCfg = Debug|Any CPU
		{18641031-4610-4D27-ADEE-567450D2A627}.Debug|Any CPU.Build.0 = Debug|Any CPU
		{18641031-4610-4D27-ADEE-567450D2A627}.Release|Any CPU.ActiveCfg = Release|Any CPU
		{18641031-4610-4D27-ADEE-567450D2A627}.Release|Any CPU.Build.0 = Release|Any CPU
	EndGlobalSection
	GlobalSection(SolutionProperties) = preSolution
		HideSolutionNode = FALSE
	EndGlobalSection
	GlobalSection(ExtensibilityGlobals) = postSolution
		SolutionGuid = {98C20718-F4D4-4FAA-9A5B-6FBA90C5E044}
	EndGlobalSection
EndGlobal
